
Microsoft Visual Studio Solution File, Format Version 12.00
# Visual Studio Version 16
VisualStudioVersion = 16.0.30907.101
MinimumVisualStudioVersion = 10.0.40219.1
Project("{FAE04EC0-301F-11D3-BF4B-00C04F79EFBC}") = "URI_1074", "URI_1074.csproj", "{A1BF0252-45AC-4328-850E-8246E0A7F758}"
EndProject
Global
	GlobalSection(SolutionConfigurationPlatforms) = preSolution
		Debug|Any CPU = Debug|Any CPU
		Release|Any CPU = Release|Any CPU
	EndGlobalSection
	GlobalSection(ProjectConfigurationPlatforms) = postSolution
		{A1BF0252-45AC-4328-850E-8246E0A7F758}.Debug|Any CPU.ActiveCfg = Debug|Any CPU
		{A1BF0252-45AC-4328-850E-8246E0A7F758}.Debug|Any CPU.Build.0 = Debug|Any CPU
		{A1BF0252-45AC-4328-850E-8246E0A7F758}.Release|Any CPU.ActiveCfg = Release|Any CPU
		{A1BF0252-45AC-4328-850E-8246E0A7F758}.Release|Any CPU.Build.0 = Release|Any CPU
	EndGlobalSection
	GlobalSection(SolutionProperties) = preSolution
		HideSolutionNode = FALSE
	EndGlobalSection
	GlobalSection(ExtensibilityGlobals) = postSolution
		SolutionGuid = {DE0366A9-51CA-4E59-A850-56ECB3B62120}
	EndGlobalSection
EndGlobal
