
Microsoft Visual Studio Solution File, Format Version 12.00
# Visual Studio Version 16
VisualStudioVersion = 16.0.30907.101
MinimumVisualStudioVersion = 10.0.40219.1
Project("{FAE04EC0-301F-11D3-BF4B-00C04F79EFBC}") = "URI_1038", "URI_1038.csproj", "{7B429BA5-1BFB-48FC-B56E-D09B82AE9E83}"
EndProject
Global
	GlobalSection(SolutionConfigurationPlatforms) = preSolution
		Debug|Any CPU = Debug|Any CPU
		Release|Any CPU = Release|Any CPU
	EndGlobalSection
	GlobalSection(ProjectConfigurationPlatforms) = postSolution
		{7B429BA5-1BFB-48FC-B56E-D09B82AE9E83}.Debug|Any CPU.ActiveCfg = Debug|Any CPU
		{7B429BA5-1BFB-48FC-B56E-D09B82AE9E83}.Debug|Any CPU.Build.0 = Debug|Any CPU
		{7B429BA5-1BFB-48FC-B56E-D09B82AE9E83}.Release|Any CPU.ActiveCfg = Release|Any CPU
		{7B429BA5-1BFB-48FC-B56E-D09B82AE9E83}.Release|Any CPU.Build.0 = Release|Any CPU
	EndGlobalSection
	GlobalSection(SolutionProperties) = preSolution
		HideSolutionNode = FALSE
	EndGlobalSection
	GlobalSection(ExtensibilityGlobals) = postSolution
		SolutionGuid = {02866A12-88B5-4A92-AD98-39A64FCF970F}
	EndGlobalSection
EndGlobal
