
Microsoft Visual Studio Solution File, Format Version 12.00
# Visual Studio Version 16
VisualStudioVersion = 16.0.30907.101
MinimumVisualStudioVersion = 10.0.40219.1
Project("{FAE04EC0-301F-11D3-BF4B-00C04F79EFBC}") = "URI_1070", "URI_1070.csproj", "{2FB8D5ED-8B0D-45C7-A21E-59AFF7FFA471}"
EndProject
Global
	GlobalSection(SolutionConfigurationPlatforms) = preSolution
		Debug|Any CPU = Debug|Any CPU
		Release|Any CPU = Release|Any CPU
	EndGlobalSection
	GlobalSection(ProjectConfigurationPlatforms) = postSolution
		{2FB8D5ED-8B0D-45C7-A21E-59AFF7FFA471}.Debug|Any CPU.ActiveCfg = Debug|Any CPU
		{2FB8D5ED-8B0D-45C7-A21E-59AFF7FFA471}.Debug|Any CPU.Build.0 = Debug|Any CPU
		{2FB8D5ED-8B0D-45C7-A21E-59AFF7FFA471}.Release|Any CPU.ActiveCfg = Release|Any CPU
		{2FB8D5ED-8B0D-45C7-A21E-59AFF7FFA471}.Release|Any CPU.Build.0 = Release|Any CPU
	EndGlobalSection
	GlobalSection(SolutionProperties) = preSolution
		HideSolutionNode = FALSE
	EndGlobalSection
	GlobalSection(ExtensibilityGlobals) = postSolution
		SolutionGuid = {61F8F845-05CD-4FD2-91C5-EE6BB5251D9A}
	EndGlobalSection
EndGlobal
