
Microsoft Visual Studio Solution File, Format Version 12.00
# Visual Studio Version 16
VisualStudioVersion = 16.0.31205.134
MinimumVisualStudioVersion = 10.0.40219.1
Project("{FAE04EC0-301F-11D3-BF4B-00C04F79EFBC}") = "URI_1258", "URI_1258.csproj", "{982FE92E-7E5D-41D3-A85B-3BBC723F75BB}"
EndProject
Global
	GlobalSection(SolutionConfigurationPlatforms) = preSolution
		Debug|Any CPU = Debug|Any CPU
		Release|Any CPU = Release|Any CPU
	EndGlobalSection
	GlobalSection(ProjectConfigurationPlatforms) = postSolution
		{982FE92E-7E5D-41D3-A85B-3BBC723F75BB}.Debug|Any CPU.ActiveCfg = Debug|Any CPU
		{982FE92E-7E5D-41D3-A85B-3BBC723F75BB}.Debug|Any CPU.Build.0 = Debug|Any CPU
		{982FE92E-7E5D-41D3-A85B-3BBC723F75BB}.Release|Any CPU.ActiveCfg = Release|Any CPU
		{982FE92E-7E5D-41D3-A85B-3BBC723F75BB}.Release|Any CPU.Build.0 = Release|Any CPU
	EndGlobalSection
	GlobalSection(SolutionProperties) = preSolution
		HideSolutionNode = FALSE
	EndGlobalSection
	GlobalSection(ExtensibilityGlobals) = postSolution
		SolutionGuid = {F16EF55E-C2DB-4BB2-A130-E206D2E78BD4}
	EndGlobalSection
EndGlobal
