
Microsoft Visual Studio Solution File, Format Version 12.00
# Visual Studio Version 16
VisualStudioVersion = 16.0.30907.101
MinimumVisualStudioVersion = 10.0.40219.1
Project("{FAE04EC0-301F-11D3-BF4B-00C04F79EFBC}") = "URI_1097", "URI_1097.csproj", "{2AC6AB60-FDF3-44ED-9751-6EF884BECACF}"
EndProject
Global
	GlobalSection(SolutionConfigurationPlatforms) = preSolution
		Debug|Any CPU = Debug|Any CPU
		Release|Any CPU = Release|Any CPU
	EndGlobalSection
	GlobalSection(ProjectConfigurationPlatforms) = postSolution
		{2AC6AB60-FDF3-44ED-9751-6EF884BECACF}.Debug|Any CPU.ActiveCfg = Debug|Any CPU
		{2AC6AB60-FDF3-44ED-9751-6EF884BECACF}.Debug|Any CPU.Build.0 = Debug|Any CPU
		{2AC6AB60-FDF3-44ED-9751-6EF884BECACF}.Release|Any CPU.ActiveCfg = Release|Any CPU
		{2AC6AB60-FDF3-44ED-9751-6EF884BECACF}.Release|Any CPU.Build.0 = Release|Any CPU
	EndGlobalSection
	GlobalSection(SolutionProperties) = preSolution
		HideSolutionNode = FALSE
	EndGlobalSection
	GlobalSection(ExtensibilityGlobals) = postSolution
		SolutionGuid = {9AA214E4-DA72-4762-9D54-ADBE42609E64}
	EndGlobalSection
EndGlobal
