
Microsoft Visual Studio Solution File, Format Version 12.00
# Visual Studio Version 16
VisualStudioVersion = 16.0.31205.134
MinimumVisualStudioVersion = 10.0.40219.1
Project("{FAE04EC0-301F-11D3-BF4B-00C04F79EFBC}") = "URI_1259", "URI_1259.csproj", "{80D43481-45BC-4D32-BEAA-6F1760F73622}"
EndProject
Global
	GlobalSection(SolutionConfigurationPlatforms) = preSolution
		Debug|Any CPU = Debug|Any CPU
		Release|Any CPU = Release|Any CPU
	EndGlobalSection
	GlobalSection(ProjectConfigurationPlatforms) = postSolution
		{80D43481-45BC-4D32-BEAA-6F1760F73622}.Debug|Any CPU.ActiveCfg = Debug|Any CPU
		{80D43481-45BC-4D32-BEAA-6F1760F73622}.Debug|Any CPU.Build.0 = Debug|Any CPU
		{80D43481-45BC-4D32-BEAA-6F1760F73622}.Release|Any CPU.ActiveCfg = Release|Any CPU
		{80D43481-45BC-4D32-BEAA-6F1760F73622}.Release|Any CPU.Build.0 = Release|Any CPU
	EndGlobalSection
	GlobalSection(SolutionProperties) = preSolution
		HideSolutionNode = FALSE
	EndGlobalSection
	GlobalSection(ExtensibilityGlobals) = postSolution
		SolutionGuid = {704BF1F3-0535-47F7-94FA-F55992F30564}
	EndGlobalSection
EndGlobal
