
Microsoft Visual Studio Solution File, Format Version 12.00
# Visual Studio Version 16
VisualStudioVersion = 16.0.30907.101
MinimumVisualStudioVersion = 10.0.40219.1
Project("{FAE04EC0-301F-11D3-BF4B-00C04F79EFBC}") = "URI_1134", "URI_1134.csproj", "{041F6CA2-CCCB-42B1-9274-0543E1A6F126}"
EndProject
Global
	GlobalSection(SolutionConfigurationPlatforms) = preSolution
		Debug|Any CPU = Debug|Any CPU
		Release|Any CPU = Release|Any CPU
	EndGlobalSection
	GlobalSection(ProjectConfigurationPlatforms) = postSolution
		{041F6CA2-CCCB-42B1-9274-0543E1A6F126}.Debug|Any CPU.ActiveCfg = Debug|Any CPU
		{041F6CA2-CCCB-42B1-9274-0543E1A6F126}.Debug|Any CPU.Build.0 = Debug|Any CPU
		{041F6CA2-CCCB-42B1-9274-0543E1A6F126}.Release|Any CPU.ActiveCfg = Release|Any CPU
		{041F6CA2-CCCB-42B1-9274-0543E1A6F126}.Release|Any CPU.Build.0 = Release|Any CPU
	EndGlobalSection
	GlobalSection(SolutionProperties) = preSolution
		HideSolutionNode = FALSE
	EndGlobalSection
	GlobalSection(ExtensibilityGlobals) = postSolution
		SolutionGuid = {4B09A788-DE0C-4B5B-826D-A42F150F4A18}
	EndGlobalSection
EndGlobal
