
Microsoft Visual Studio Solution File, Format Version 12.00
# Visual Studio Version 16
VisualStudioVersion = 16.0.30907.101
MinimumVisualStudioVersion = 10.0.40219.1
Project("{FAE04EC0-301F-11D3-BF4B-00C04F79EFBC}") = "URI_1018", "URI_1018.csproj", "{A905916C-161D-40CF-9590-73F2CE5A0306}"
EndProject
Global
	GlobalSection(SolutionConfigurationPlatforms) = preSolution
		Debug|Any CPU = Debug|Any CPU
		Release|Any CPU = Release|Any CPU
	EndGlobalSection
	GlobalSection(ProjectConfigurationPlatforms) = postSolution
		{A905916C-161D-40CF-9590-73F2CE5A0306}.Debug|Any CPU.ActiveCfg = Debug|Any CPU
		{A905916C-161D-40CF-9590-73F2CE5A0306}.Debug|Any CPU.Build.0 = Debug|Any CPU
		{A905916C-161D-40CF-9590-73F2CE5A0306}.Release|Any CPU.ActiveCfg = Release|Any CPU
		{A905916C-161D-40CF-9590-73F2CE5A0306}.Release|Any CPU.Build.0 = Release|Any CPU
	EndGlobalSection
	GlobalSection(SolutionProperties) = preSolution
		HideSolutionNode = FALSE
	EndGlobalSection
	GlobalSection(ExtensibilityGlobals) = postSolution
		SolutionGuid = {7B4A00AD-22BF-4C93-AE68-CD1A757C5811}
	EndGlobalSection
EndGlobal
