
Microsoft Visual Studio Solution File, Format Version 12.00
# Visual Studio Version 16
VisualStudioVersion = 16.0.30907.101
MinimumVisualStudioVersion = 10.0.40219.1
Project("{FAE04EC0-301F-11D3-BF4B-00C04F79EFBC}") = "URI_1040", "URI_1040.csproj", "{DFB9B0C6-3836-4F11-A1AC-A4FA8FAF5A79}"
EndProject
Global
	GlobalSection(SolutionConfigurationPlatforms) = preSolution
		Debug|Any CPU = Debug|Any CPU
		Release|Any CPU = Release|Any CPU
	EndGlobalSection
	GlobalSection(ProjectConfigurationPlatforms) = postSolution
		{DFB9B0C6-3836-4F11-A1AC-A4FA8FAF5A79}.Debug|Any CPU.ActiveCfg = Debug|Any CPU
		{DFB9B0C6-3836-4F11-A1AC-A4FA8FAF5A79}.Debug|Any CPU.Build.0 = Debug|Any CPU
		{DFB9B0C6-3836-4F11-A1AC-A4FA8FAF5A79}.Release|Any CPU.ActiveCfg = Release|Any CPU
		{DFB9B0C6-3836-4F11-A1AC-A4FA8FAF5A79}.Release|Any CPU.Build.0 = Release|Any CPU
	EndGlobalSection
	GlobalSection(SolutionProperties) = preSolution
		HideSolutionNode = FALSE
	EndGlobalSection
	GlobalSection(ExtensibilityGlobals) = postSolution
		SolutionGuid = {34A73731-65B7-47E2-96DF-354A46D954F7}
	EndGlobalSection
EndGlobal
