
Microsoft Visual Studio Solution File, Format Version 12.00
# Visual Studio Version 16
VisualStudioVersion = 16.0.30907.101
MinimumVisualStudioVersion = 10.0.40219.1
Project("{FAE04EC0-301F-11D3-BF4B-00C04F79EFBC}") = "URI_1003", "URI_1003.csproj", "{1DCAD3C5-DA8A-488B-AE2D-E28A63CF74F1}"
EndProject
Global
	GlobalSection(SolutionConfigurationPlatforms) = preSolution
		Debug|Any CPU = Debug|Any CPU
		Release|Any CPU = Release|Any CPU
	EndGlobalSection
	GlobalSection(ProjectConfigurationPlatforms) = postSolution
		{1DCAD3C5-DA8A-488B-AE2D-E28A63CF74F1}.Debug|Any CPU.ActiveCfg = Debug|Any CPU
		{1DCAD3C5-DA8A-488B-AE2D-E28A63CF74F1}.Debug|Any CPU.Build.0 = Debug|Any CPU
		{1DCAD3C5-DA8A-488B-AE2D-E28A63CF74F1}.Release|Any CPU.ActiveCfg = Release|Any CPU
		{1DCAD3C5-DA8A-488B-AE2D-E28A63CF74F1}.Release|Any CPU.Build.0 = Release|Any CPU
	EndGlobalSection
	GlobalSection(SolutionProperties) = preSolution
		HideSolutionNode = FALSE
	EndGlobalSection
	GlobalSection(ExtensibilityGlobals) = postSolution
		SolutionGuid = {29098E23-7F63-40B8-A16D-697DE0DE673A}
	EndGlobalSection
EndGlobal
