
Microsoft Visual Studio Solution File, Format Version 12.00
# Visual Studio Version 16
VisualStudioVersion = 16.0.30907.101
MinimumVisualStudioVersion = 10.0.40219.1
Project("{FAE04EC0-301F-11D3-BF4B-00C04F79EFBC}") = "URI_1114", "URI_1114.csproj", "{B76DD2A4-8329-4DA6-BF4D-4E9FA71B8C7D}"
EndProject
Global
	GlobalSection(SolutionConfigurationPlatforms) = preSolution
		Debug|Any CPU = Debug|Any CPU
		Release|Any CPU = Release|Any CPU
	EndGlobalSection
	GlobalSection(ProjectConfigurationPlatforms) = postSolution
		{B76DD2A4-8329-4DA6-BF4D-4E9FA71B8C7D}.Debug|Any CPU.ActiveCfg = Debug|Any CPU
		{B76DD2A4-8329-4DA6-BF4D-4E9FA71B8C7D}.Debug|Any CPU.Build.0 = Debug|Any CPU
		{B76DD2A4-8329-4DA6-BF4D-4E9FA71B8C7D}.Release|Any CPU.ActiveCfg = Release|Any CPU
		{B76DD2A4-8329-4DA6-BF4D-4E9FA71B8C7D}.Release|Any CPU.Build.0 = Release|Any CPU
	EndGlobalSection
	GlobalSection(SolutionProperties) = preSolution
		HideSolutionNode = FALSE
	EndGlobalSection
	GlobalSection(ExtensibilityGlobals) = postSolution
		SolutionGuid = {6276CE2C-A70C-48BD-BB32-A012FA2B7D33}
	EndGlobalSection
EndGlobal
