
Microsoft Visual Studio Solution File, Format Version 12.00
# Visual Studio Version 16
VisualStudioVersion = 16.0.30907.101
MinimumVisualStudioVersion = 10.0.40219.1
Project("{FAE04EC0-301F-11D3-BF4B-00C04F79EFBC}") = "URI_1000", "URI_1000.csproj", "{3684B9A2-0A83-445E-9248-C8313E4092F3}"
EndProject
Global
	GlobalSection(SolutionConfigurationPlatforms) = preSolution
		Debug|Any CPU = Debug|Any CPU
		Release|Any CPU = Release|Any CPU
	EndGlobalSection
	GlobalSection(ProjectConfigurationPlatforms) = postSolution
		{3684B9A2-0A83-445E-9248-C8313E4092F3}.Debug|Any CPU.ActiveCfg = Debug|Any CPU
		{3684B9A2-0A83-445E-9248-C8313E4092F3}.Debug|Any CPU.Build.0 = Debug|Any CPU
		{3684B9A2-0A83-445E-9248-C8313E4092F3}.Release|Any CPU.ActiveCfg = Release|Any CPU
		{3684B9A2-0A83-445E-9248-C8313E4092F3}.Release|Any CPU.Build.0 = Release|Any CPU
	EndGlobalSection
	GlobalSection(SolutionProperties) = preSolution
		HideSolutionNode = FALSE
	EndGlobalSection
	GlobalSection(ExtensibilityGlobals) = postSolution
		SolutionGuid = {F4BF8D2E-1C3E-44E6-81C3-9EAE0565F706}
	EndGlobalSection
EndGlobal
