
Microsoft Visual Studio Solution File, Format Version 12.00
# Visual Studio Version 16
VisualStudioVersion = 16.0.30907.101
MinimumVisualStudioVersion = 10.0.40219.1
Project("{FAE04EC0-301F-11D3-BF4B-00C04F79EFBC}") = "URI_1146", "URI_1146.csproj", "{C7F3F427-8CED-49D4-BB90-5D9E6D7521E3}"
EndProject
Global
	GlobalSection(SolutionConfigurationPlatforms) = preSolution
		Debug|Any CPU = Debug|Any CPU
		Release|Any CPU = Release|Any CPU
	EndGlobalSection
	GlobalSection(ProjectConfigurationPlatforms) = postSolution
		{C7F3F427-8CED-49D4-BB90-5D9E6D7521E3}.Debug|Any CPU.ActiveCfg = Debug|Any CPU
		{C7F3F427-8CED-49D4-BB90-5D9E6D7521E3}.Debug|Any CPU.Build.0 = Debug|Any CPU
		{C7F3F427-8CED-49D4-BB90-5D9E6D7521E3}.Release|Any CPU.ActiveCfg = Release|Any CPU
		{C7F3F427-8CED-49D4-BB90-5D9E6D7521E3}.Release|Any CPU.Build.0 = Release|Any CPU
	EndGlobalSection
	GlobalSection(SolutionProperties) = preSolution
		HideSolutionNode = FALSE
	EndGlobalSection
	GlobalSection(ExtensibilityGlobals) = postSolution
		SolutionGuid = {0EB62C62-A5E9-41E5-BFE6-F997DAE1DA7C}
	EndGlobalSection
EndGlobal
