
Microsoft Visual Studio Solution File, Format Version 12.00
# Visual Studio Version 16
VisualStudioVersion = 16.0.30907.101
MinimumVisualStudioVersion = 10.0.40219.1
Project("{FAE04EC0-301F-11D3-BF4B-00C04F79EFBC}") = "URI_1014", "URI_1014.csproj", "{DC433293-EF0A-44EF-8350-E4F5D5AFCC10}"
EndProject
Global
	GlobalSection(SolutionConfigurationPlatforms) = preSolution
		Debug|Any CPU = Debug|Any CPU
		Release|Any CPU = Release|Any CPU
	EndGlobalSection
	GlobalSection(ProjectConfigurationPlatforms) = postSolution
		{DC433293-EF0A-44EF-8350-E4F5D5AFCC10}.Debug|Any CPU.ActiveCfg = Debug|Any CPU
		{DC433293-EF0A-44EF-8350-E4F5D5AFCC10}.Debug|Any CPU.Build.0 = Debug|Any CPU
		{DC433293-EF0A-44EF-8350-E4F5D5AFCC10}.Release|Any CPU.ActiveCfg = Release|Any CPU
		{DC433293-EF0A-44EF-8350-E4F5D5AFCC10}.Release|Any CPU.Build.0 = Release|Any CPU
	EndGlobalSection
	GlobalSection(SolutionProperties) = preSolution
		HideSolutionNode = FALSE
	EndGlobalSection
	GlobalSection(ExtensibilityGlobals) = postSolution
		SolutionGuid = {DC2950BE-24CD-4EFD-92DE-725473018485}
	EndGlobalSection
EndGlobal
