
Microsoft Visual Studio Solution File, Format Version 12.00
# Visual Studio Version 16
VisualStudioVersion = 16.0.30907.101
MinimumVisualStudioVersion = 10.0.40219.1
Project("{FAE04EC0-301F-11D3-BF4B-00C04F79EFBC}") = "URI_1045", "URI_1045.csproj", "{3FA420D8-F667-4C80-A066-8F5B27455109}"
EndProject
Global
	GlobalSection(SolutionConfigurationPlatforms) = preSolution
		Debug|Any CPU = Debug|Any CPU
		Release|Any CPU = Release|Any CPU
	EndGlobalSection
	GlobalSection(ProjectConfigurationPlatforms) = postSolution
		{3FA420D8-F667-4C80-A066-8F5B27455109}.Debug|Any CPU.ActiveCfg = Debug|Any CPU
		{3FA420D8-F667-4C80-A066-8F5B27455109}.Debug|Any CPU.Build.0 = Debug|Any CPU
		{3FA420D8-F667-4C80-A066-8F5B27455109}.Release|Any CPU.ActiveCfg = Release|Any CPU
		{3FA420D8-F667-4C80-A066-8F5B27455109}.Release|Any CPU.Build.0 = Release|Any CPU
	EndGlobalSection
	GlobalSection(SolutionProperties) = preSolution
		HideSolutionNode = FALSE
	EndGlobalSection
	GlobalSection(ExtensibilityGlobals) = postSolution
		SolutionGuid = {77084E34-1F74-4B74-B3AA-2CC317354CC6}
	EndGlobalSection
EndGlobal
