
Microsoft Visual Studio Solution File, Format Version 12.00
# Visual Studio Version 16
VisualStudioVersion = 16.0.30907.101
MinimumVisualStudioVersion = 10.0.40219.1
Project("{FAE04EC0-301F-11D3-BF4B-00C04F79EFBC}") = "URI_2058", "URI_2058.csproj", "{224CC6AF-1507-46E2-9FE0-992F3E9F7B5A}"
EndProject
Global
	GlobalSection(SolutionConfigurationPlatforms) = preSolution
		Debug|Any CPU = Debug|Any CPU
		Release|Any CPU = Release|Any CPU
	EndGlobalSection
	GlobalSection(ProjectConfigurationPlatforms) = postSolution
		{224CC6AF-1507-46E2-9FE0-992F3E9F7B5A}.Debug|Any CPU.ActiveCfg = Debug|Any CPU
		{224CC6AF-1507-46E2-9FE0-992F3E9F7B5A}.Debug|Any CPU.Build.0 = Debug|Any CPU
		{224CC6AF-1507-46E2-9FE0-992F3E9F7B5A}.Release|Any CPU.ActiveCfg = Release|Any CPU
		{224CC6AF-1507-46E2-9FE0-992F3E9F7B5A}.Release|Any CPU.Build.0 = Release|Any CPU
	EndGlobalSection
	GlobalSection(SolutionProperties) = preSolution
		HideSolutionNode = FALSE
	EndGlobalSection
	GlobalSection(ExtensibilityGlobals) = postSolution
		SolutionGuid = {9783DB2C-C075-4CA2-B6DA-A25C6FE9D9DC}
	EndGlobalSection
EndGlobal
